# This file is autogenerated, do not edit; changes may be undone by the next 'dep ensure'.


[[projects]]
  name = "github.com/GeertJohan/go.rice"
  packages = [
    ".",
    "embedded"
  ]
  revision = "9fdfd46f9806a9228aae341d65ab75c5235c383c"

[[projects]]
  branch = "master"
  name = "github.com/codingbrain/clix.go"
  packages = [
    "exts/bind",
    "exts/help",
    "flag",
    "term"
  ]
  revision = "61f1fdb545586f63b3f11592bc791c91379cc734"

[[projects]]
  branch = "master"
  name = "github.com/daaku/go.zipexe"
  packages = ["."]
  revision = "a5fe2436ffcb3236e175e5149162b41cd28bd27d"

[[projects]]
  name = "github.com/easeway/langx.go"
  packages = [
    "errors",
    "mapper"
  ]
  revision = "913a8e759859e9494f70f6bc8d6389699bdb5cd2"

[[projects]]
  name = "github.com/eclipse/paho.mqtt.golang"
  packages = [
    ".",
    "packets"
  ]
  revision = "13afcbe8e41508479762a90e9242577210c2ca8d"

[[projects]]
  name = "github.com/kardianos/osext"
  packages = ["."]
  revision = "c2c54e542fb797ad986b31721e1baedf214ca413"

[[projects]]
  branch = "master"
  name = "github.com/op/go-logging"
  packages = ["."]
  revision = "970db520ece77730c7e4724c61121037378659d9"

[[projects]]
  branch = "master"
  name = "github.com/robotalks/mqhub.go"
  packages = [
    "mqhub",
    "mqtt",
    "utils"
  ]
  revision = "3c92e551de142e623edc065a2b137cd27f01fea9"

[[projects]]
  name = "github.com/rs/xid"
  packages = ["."]
  revision = "057f3c928c207d1e7e318929eeac93bb46e319e3"
  version = "v1.0"

[[projects]]
  name = "golang.org/x/crypto"
  packages = ["ssh/terminal"]
  revision = "e311231e83195f401421a286060d65643f9c9d40"

[[projects]]
  name = "golang.org/x/net"
  packages = ["websocket"]
  revision = "324491d706c63d58003f108b1c13ca4e477a6959"

[[projects]]
  branch = "v2"
  name = "gopkg.in/yaml.v2"
  packages = ["."]
  revision = "31c299268d302dd0aa9a0dcf765a3d58971ac83f"

[solve-meta]
  analyzer-name = "dep"
  analyzer-version = 1
  inputs-digest = "ace34722229bb304e2b8ef2613905426741367559aa1c09b779af2b191ab3c40"
  solver-name = "gps-cdcl"
  solver-version = 1
